{
    "doctrine/data-fixtures": {
        "version": "1.4.2"
    },
    "doctrine/doctrine-fixtures-bundle": {
        "version": "3.0",
        "recipe": {
            "repo": "github.com/symfony/recipes",
            "branch": "master",
            "version": "3.0",
            "ref": "fc52d86631a6dfd9fdf3381d0b7e3df2069e51b3"
        },
        "files": [
            "src/DataFixtures/AppFixtures.php"
        ]
    },
    "fzaninotto/faker": {
        "version": "v1.9.1"
    },
<<<<<<< HEAD
=======
    "guzzlehttp/guzzle": {
        "version": "6.5.2"
    },
    "guzzlehttp/promises": {
        "version": "v1.3.1"
    },
    "guzzlehttp/psr7": {
        "version": "1.6.1"
    },
    "jdorn/sql-formatter": {
        "version": "v1.2.17"
    },
    "martin-georgiev/postgresql-for-doctrine": {
        "version": "v1.3.0"
    },
    "monolog/monolog": {
        "version": "1.25.3"
    },
    "nelmio/cors-bundle": {
        "version": "1.5",
        "recipe": {
            "repo": "github.com/symfony/recipes",
            "branch": "master",
            "version": "1.5",
            "ref": "6388de23860284db9acce0a7a5d9d13153bcb571"
        },
        "files": [
            "config/packages/nelmio_cors.yaml"
        ]
    },
    "nikic/php-parser": {
        "version": "v4.3.0"
    },
    "ocramius/proxy-manager": {
        "version": "2.2.3"
    },
>>>>>>> 651fde76e66e648bc1073176d402e28da234b0fc
    "php": {
        "version": "7.3"
    }
}
